
Microsoft Visual Studio Solution File, Format Version 12.00
# Visual Studio Version 16
VisualStudioVersion = 16.0.30225.117
MinimumVisualStudioVersion = 10.0.40219.1
Project("{FAE04EC0-301F-11D3-BF4B-00C04F79EFBC}") = "TPO_Lab1", "TPO_Lab1\TPO_Lab1.csproj", "{2A3CE847-4E6A-4A0A-9151-D45B51AE1F46}"
EndProject
Global
	GlobalSection(SolutionConfigurationPlatforms) = preSolution
		Debug|Any CPU = Debug|Any CPU
		Release|Any CPU = Release|Any CPU
	EndGlobalSection
	GlobalSection(ProjectConfigurationPlatforms) = postSolution
		{2A3CE847-4E6A-4A0A-9151-D45B51AE1F46}.Debug|Any CPU.ActiveCfg = Debug|Any CPU
		{2A3CE847-4E6A-4A0A-9151-D45B51AE1F46}.Debug|Any CPU.Build.0 = Debug|Any CPU
		{2A3CE847-4E6A-4A0A-9151-D45B51AE1F46}.Release|Any CPU.ActiveCfg = Release|Any CPU
		{2A3CE847-4E6A-4A0A-9151-D45B51AE1F46}.Release|Any CPU.Build.0 = Release|Any CPU
	EndGlobalSection
	GlobalSection(SolutionProperties) = preSolution
		HideSolutionNode = FALSE
	EndGlobalSection
	GlobalSection(ExtensibilityGlobals) = postSolution
		SolutionGuid = {673A2880-56FA-499E-93BD-C7D5536F34DE}
	EndGlobalSection
EndGlobal
